// !$*UTF8*$!
{
	archiveVersion = 1;
	classes = {
	};
	objectVersion = 50;
	objects = {

/* Begin PBXBuildFile section */
		73187E2822E8AF3900CC29CB /* Characters.swift in Sources */ = {isa = PBXBuildFile; fileRef = 73187E2722E8AF3900CC29CB /* Characters.swift */; };
		73187E2A22E8AF4800CC29CB /* Gladiator.swift in Sources */ = {isa = PBXBuildFile; fileRef = 73187E2922E8AF4800CC29CB /* Gladiator.swift */; };
		731B2E2C22CA120B00FC0F26 /* Player.swift in Sources */ = {isa = PBXBuildFile; fileRef = 731B2E2B22CA120B00FC0F26 /* Player.swift */; };
		731B2E2E22CA121900FC0F26 /* Game.swift in Sources */ = {isa = PBXBuildFile; fileRef = 731B2E2D22CA121900FC0F26 /* Game.swift */; };
		731B2E3022CA139300FC0F26 /* Chest.swift in Sources */ = {isa = PBXBuildFile; fileRef = 731B2E2F22CA139300FC0F26 /* Chest.swift */; };
		734DABF222B26EC2008FB204 /* main.swift in Sources */ = {isa = PBXBuildFile; fileRef = 734DABF122B26EC2008FB204 /* main.swift */; };
		739BDE6622E9FE9400839A58 /* Viking.swift in Sources */ = {isa = PBXBuildFile; fileRef = 739BDE6522E9FE9400839A58 /* Viking.swift */; };
		739BDE6822E9FEAA00839A58 /* Samouraï.swift in Sources */ = {isa = PBXBuildFile; fileRef = 739BDE6722E9FEAA00839A58 /* Samouraï.swift */; };
		739BDE6A22E9FEC000839A58 /* Knight.swift in Sources */ = {isa = PBXBuildFile; fileRef = 739BDE6922E9FEC000839A58 /* Knight.swift */; };
		739BDE6E22E9FF1600839A58 /* Robot.swift in Sources */ = {isa = PBXBuildFile; fileRef = 739BDE6D22E9FF1600839A58 /* Robot.swift */; };
		739BDE7122E9FFC600839A58 /* Sword.swift in Sources */ = {isa = PBXBuildFile; fileRef = 739BDE7022E9FFC600839A58 /* Sword.swift */; };
		739BDE7322E9FFDB00839A58 /* Flail.swift in Sources */ = {isa = PBXBuildFile; fileRef = 739BDE7222E9FFDB00839A58 /* Flail.swift */; };
		739BDE7522E9FFF500839A58 /* Naginata.swift in Sources */ = {isa = PBXBuildFile; fileRef = 739BDE7422E9FFF500839A58 /* Naginata.swift */; };
		739BDE7722EA000F00839A58 /* MedievalAxe.swift in Sources */ = {isa = PBXBuildFile; fileRef = 739BDE7622EA000F00839A58 /* MedievalAxe.swift */; };
		739BDE7922EA002200839A58 /* Gun.swift in Sources */ = {isa = PBXBuildFile; fileRef = 739BDE7822EA002100839A58 /* Gun.swift */; };
		739BDE7B22EA003900839A58 /* LaserInEyes.swift in Sources */ = {isa = PBXBuildFile; fileRef = 739BDE7A22EA003900839A58 /* LaserInEyes.swift */; };
		739BDE7F22EA3BF600839A58 /* Military.swift in Sources */ = {isa = PBXBuildFile; fileRef = 739BDE7E22EA3BF600839A58 /* Military.swift */; };
		73F4734F22C60DB50076409E /* Weapon.swift in Sources */ = {isa = PBXBuildFile; fileRef = 73F4734E22C60DB50076409E /* Weapon.swift */; };
/* End PBXBuildFile section */

/* Begin PBXCopyFilesBuildPhase section */
		734DABEC22B26EC2008FB204 /* CopyFiles */ = {
			isa = PBXCopyFilesBuildPhase;
			buildActionMask = 2147483647;
			dstPath = /usr/share/man/man1/;
			dstSubfolderSpec = 0;
			files = (
			);
			runOnlyForDeploymentPostprocessing = 1;
		};
/* End PBXCopyFilesBuildPhase section */

/* Begin PBXFileReference section */
		73187E2722E8AF3900CC29CB /* Characters.swift */ = {isa = PBXFileReference; lastKnownFileType = sourcecode.swift; path = Characters.swift; sourceTree = "<group>"; };
		73187E2922E8AF4800CC29CB /* Gladiator.swift */ = {isa = PBXFileReference; lastKnownFileType = sourcecode.swift; path = Gladiator.swift; sourceTree = "<group>"; };
		731B2E2B22CA120B00FC0F26 /* Player.swift */ = {isa = PBXFileReference; lastKnownFileType = sourcecode.swift; path = Player.swift; sourceTree = "<group>"; };
		731B2E2D22CA121900FC0F26 /* Game.swift */ = {isa = PBXFileReference; lastKnownFileType = sourcecode.swift; path = Game.swift; sourceTree = "<group>"; };
		731B2E2F22CA139300FC0F26 /* Chest.swift */ = {isa = PBXFileReference; lastKnownFileType = sourcecode.swift; path = Chest.swift; sourceTree = "<group>"; };
		734DABEE22B26EC2008FB204 /* p3 */ = {isa = PBXFileReference; explicitFileType = "compiled.mach-o.executable"; includeInIndex = 0; path = p3; sourceTree = BUILT_PRODUCTS_DIR; };
		734DABF122B26EC2008FB204 /* main.swift */ = {isa = PBXFileReference; lastKnownFileType = sourcecode.swift; path = main.swift; sourceTree = "<group>"; };
		739BDE6522E9FE9400839A58 /* Viking.swift */ = {isa = PBXFileReference; lastKnownFileType = sourcecode.swift; path = Viking.swift; sourceTree = "<group>"; };
		739BDE6722E9FEAA00839A58 /* Samouraï.swift */ = {isa = PBXFileReference; lastKnownFileType = sourcecode.swift; path = "Samouraï.swift"; sourceTree = "<group>"; };
		739BDE6922E9FEC000839A58 /* Knight.swift */ = {isa = PBXFileReference; lastKnownFileType = sourcecode.swift; path = Knight.swift; sourceTree = "<group>"; };
		739BDE6D22E9FF1600839A58 /* Robot.swift */ = {isa = PBXFileReference; lastKnownFileType = sourcecode.swift; path = Robot.swift; sourceTree = "<group>"; };
		739BDE7022E9FFC600839A58 /* Sword.swift */ = {isa = PBXFileReference; lastKnownFileType = sourcecode.swift; path = Sword.swift; sourceTree = "<group>"; };
		739BDE7222E9FFDB00839A58 /* Flail.swift */ = {isa = PBXFileReference; lastKnownFileType = sourcecode.swift; path = Flail.swift; sourceTree = "<group>"; };
		739BDE7422E9FFF500839A58 /* Naginata.swift */ = {isa = PBXFileReference; lastKnownFileType = sourcecode.swift; path = Naginata.swift; sourceTree = "<group>"; };
		739BDE7622EA000F00839A58 /* MedievalAxe.swift */ = {isa = PBXFileReference; lastKnownFileType = sourcecode.swift; path = MedievalAxe.swift; sourceTree = "<group>"; };
		739BDE7822EA002100839A58 /* Gun.swift */ = {isa = PBXFileReference; lastKnownFileType = sourcecode.swift; path = Gun.swift; sourceTree = "<group>"; };
		739BDE7A22EA003900839A58 /* LaserInEyes.swift */ = {isa = PBXFileReference; lastKnownFileType = sourcecode.swift; path = LaserInEyes.swift; sourceTree = "<group>"; };
		739BDE7E22EA3BF600839A58 /* Military.swift */ = {isa = PBXFileReference; lastKnownFileType = sourcecode.swift; path = Military.swift; sourceTree = "<group>"; };
		73F4734E22C60DB50076409E /* Weapon.swift */ = {isa = PBXFileReference; lastKnownFileType = sourcecode.swift; path = Weapon.swift; sourceTree = "<group>"; };
/* End PBXFileReference section */

/* Begin PBXFrameworksBuildPhase section */
		734DABEB22B26EC2008FB204 /* Frameworks */ = {
			isa = PBXFrameworksBuildPhase;
			buildActionMask = 2147483647;
			files = (
			);
			runOnlyForDeploymentPostprocessing = 0;
		};
/* End PBXFrameworksBuildPhase section */

/* Begin PBXGroup section */
		73187E2622E8AF3400CC29CB /* Characters */ = {
			isa = PBXGroup;
			children = (
				73187E2722E8AF3900CC29CB /* Characters.swift */,
				73187E2922E8AF4800CC29CB /* Gladiator.swift */,
				739BDE6522E9FE9400839A58 /* Viking.swift */,
				739BDE6722E9FEAA00839A58 /* Samouraï.swift */,
				739BDE6922E9FEC000839A58 /* Knight.swift */,
				739BDE7E22EA3BF600839A58 /* Military.swift */,
				739BDE6D22E9FF1600839A58 /* Robot.swift */,
			);
			path = Characters;
			sourceTree = "<group>";
		};
		734DABE522B26EC1008FB204 = {
			isa = PBXGroup;
			children = (
				734DABF022B26EC2008FB204 /* p3 */,
				734DABEF22B26EC2008FB204 /* Products */,
			);
			sourceTree = "<group>";
		};
		734DABEF22B26EC2008FB204 /* Products */ = {
			isa = PBXGroup;
			children = (
				734DABEE22B26EC2008FB204 /* p3 */,
			);
			name = Products;
			sourceTree = "<group>";
		};
		734DABF022B26EC2008FB204 /* p3 */ = {
			isa = PBXGroup;
			children = (
				734DABF122B26EC2008FB204 /* main.swift */,
				731B2E2D22CA121900FC0F26 /* Game.swift */,
				731B2E2B22CA120B00FC0F26 /* Player.swift */,
				73187E2622E8AF3400CC29CB /* Characters */,
				739BDE6F22E9FFA300839A58 /* Weapon */,
				731B2E2F22CA139300FC0F26 /* Chest.swift */,
			);
			path = p3;
			sourceTree = "<group>";
		};
		739BDE6F22E9FFA300839A58 /* Weapon */ = {
			isa = PBXGroup;
			children = (
				73F4734E22C60DB50076409E /* Weapon.swift */,
				739BDE7022E9FFC600839A58 /* Sword.swift */,
				739BDE7222E9FFDB00839A58 /* Flail.swift */,
				739BDE7422E9FFF500839A58 /* Naginata.swift */,
				739BDE7622EA000F00839A58 /* MedievalAxe.swift */,
				739BDE7822EA002100839A58 /* Gun.swift */,
				739BDE7A22EA003900839A58 /* LaserInEyes.swift */,
			);
			path = Weapon;
			sourceTree = "<group>";
		};
/* End PBXGroup section */

/* Begin PBXNativeTarget section */
		734DABED22B26EC2008FB204 /* p3 */ = {
			isa = PBXNativeTarget;
			buildConfigurationList = 734DABF522B26EC2008FB204 /* Build configuration list for PBXNativeTarget "p3" */;
			buildPhases = (
				734DABEA22B26EC2008FB204 /* Sources */,
				734DABEB22B26EC2008FB204 /* Frameworks */,
				734DABEC22B26EC2008FB204 /* CopyFiles */,
			);
			buildRules = (
			);
			dependencies = (
			);
			name = p3;
			productName = p3;
			productReference = 734DABEE22B26EC2008FB204 /* p3 */;
			productType = "com.apple.product-type.tool";
		};
/* End PBXNativeTarget section */

/* Begin PBXProject section */
		734DABE622B26EC1008FB204 /* Project object */ = {
			isa = PBXProject;
			attributes = {
				LastSwiftUpdateCheck = 1020;
				LastUpgradeCheck = 1020;
				ORGANIZATIONNAME = "Constance Masniaud";
				TargetAttributes = {
					734DABED22B26EC2008FB204 = {
						CreatedOnToolsVersion = 10.2.1;
					};
				};
			};
			buildConfigurationList = 734DABE922B26EC1008FB204 /* Build configuration list for PBXProject "p3" */;
			compatibilityVersion = "Xcode 9.3";
			developmentRegion = en;
			hasScannedForEncodings = 0;
			knownRegions = (
				en,
				Base,
			);
			mainGroup = 734DABE522B26EC1008FB204;
			productRefGroup = 734DABEF22B26EC2008FB204 /* Products */;
			projectDirPath = "";
			projectRoot = "";
			targets = (
				734DABED22B26EC2008FB204 /* p3 */,
			);
		};
/* End PBXProject section */

/* Begin PBXSourcesBuildPhase section */
		734DABEA22B26EC2008FB204 /* Sources */ = {
			isa = PBXSourcesBuildPhase;
			buildActionMask = 2147483647;
			files = (
				739BDE7B22EA003900839A58 /* LaserInEyes.swift in Sources */,
				73F4734F22C60DB50076409E /* Weapon.swift in Sources */,
				739BDE7722EA000F00839A58 /* MedievalAxe.swift in Sources */,
				73187E2822E8AF3900CC29CB /* Characters.swift in Sources */,
				731B2E2C22CA120B00FC0F26 /* Player.swift in Sources */,
				731B2E2E22CA121900FC0F26 /* Game.swift in Sources */,
				739BDE7922EA002200839A58 /* Gun.swift in Sources */,
				739BDE6E22E9FF1600839A58 /* Robot.swift in Sources */,
				739BDE7522E9FFF500839A58 /* Naginata.swift in Sources */,
				739BDE6A22E9FEC000839A58 /* Knight.swift in Sources */,
				731B2E3022CA139300FC0F26 /* Chest.swift in Sources */,
				73187E2A22E8AF4800CC29CB /* Gladiator.swift in Sources */,
				734DABF222B26EC2008FB204 /* main.swift in Sources */,
				739BDE6622E9FE9400839A58 /* Viking.swift in Sources */,
				739BDE7122E9FFC600839A58 /* Sword.swift in Sources */,
				739BDE7322E9FFDB00839A58 /* Flail.swift in Sources */,
				739BDE7F22EA3BF600839A58 /* Military.swift in Sources */,
				739BDE6822E9FEAA00839A58 /* Samouraï.swift in Sources */,
			);
			runOnlyForDeploymentPostprocessing = 0;
		};
/* End PBXSourcesBuildPhase section */

/* Begin XCBuildConfiguration section */
		734DABF322B26EC2008FB204 /* Debug */ = {
			isa = XCBuildConfiguration;
			buildSettings = {
				ALWAYS_SEARCH_USER_PATHS = NO;
				CLANG_ANALYZER_NONNULL = YES;
				CLANG_ANALYZER_NUMBER_OBJECT_CONVERSION = YES_AGGRESSIVE;
				CLANG_CXX_LANGUAGE_STANDARD = "gnu++14";
				CLANG_CXX_LIBRARY = "libc++";
				CLANG_ENABLE_MODULES = YES;
				CLANG_ENABLE_OBJC_ARC = YES;
				CLANG_ENABLE_OBJC_WEAK = YES;
				CLANG_WARN_BLOCK_CAPTURE_AUTORELEASING = YES;
				CLANG_WARN_BOOL_CONVERSION = YES;
				CLANG_WARN_COMMA = YES;
				CLANG_WARN_CONSTANT_CONVERSION = YES;
				CLANG_WARN_DEPRECATED_OBJC_IMPLEMENTATIONS = YES;
				CLANG_WARN_DIRECT_OBJC_ISA_USAGE = YES_ERROR;
				CLANG_WARN_DOCUMENTATION_COMMENTS = YES;
				CLANG_WARN_EMPTY_BODY = YES;
				CLANG_WARN_ENUM_CONVERSION = YES;
				CLANG_WARN_INFINITE_RECURSION = YES;
				CLANG_WARN_INT_CONVERSION = YES;
				CLANG_WARN_NON_LITERAL_NULL_CONVERSION = YES;
				CLANG_WARN_OBJC_IMPLICIT_RETAIN_SELF = YES;
				CLANG_WARN_OBJC_LITERAL_CONVERSION = YES;
				CLANG_WARN_OBJC_ROOT_CLASS = YES_ERROR;
				CLANG_WARN_RANGE_LOOP_ANALYSIS = YES;
				CLANG_WARN_STRICT_PROTOTYPES = YES;
				CLANG_WARN_SUSPICIOUS_MOVE = YES;
				CLANG_WARN_UNGUARDED_AVAILABILITY = YES_AGGRESSIVE;
				CLANG_WARN_UNREACHABLE_CODE = YES;
				CLANG_WARN__DUPLICATE_METHOD_MATCH = YES;
				CODE_SIGN_IDENTITY = "-";
				COPY_PHASE_STRIP = NO;
				DEBUG_INFORMATION_FORMAT = dwarf;
				ENABLE_STRICT_OBJC_MSGSEND = YES;
				ENABLE_TESTABILITY = YES;
				GCC_C_LANGUAGE_STANDARD = gnu11;
				GCC_DYNAMIC_NO_PIC = NO;
				GCC_NO_COMMON_BLOCKS = YES;
				GCC_OPTIMIZATION_LEVEL = 0;
				GCC_PREPROCESSOR_DEFINITIONS = (
					"DEBUG=1",
					"$(inherited)",
				);
				GCC_WARN_64_TO_32_BIT_CONVERSION = YES;
				GCC_WARN_ABOUT_RETURN_TYPE = YES_ERROR;
				GCC_WARN_UNDECLARED_SELECTOR = YES;
				GCC_WARN_UNINITIALIZED_AUTOS = YES_AGGRESSIVE;
				GCC_WARN_UNUSED_FUNCTION = YES;
				GCC_WARN_UNUSED_VARIABLE = YES;
				MACOSX_DEPLOYMENT_TARGET = 10.14;
				MTL_ENABLE_DEBUG_INFO = INCLUDE_SOURCE;
				MTL_FAST_MATH = YES;
				ONLY_ACTIVE_ARCH = YES;
				SDKROOT = macosx;
				SWIFT_ACTIVE_COMPILATION_CONDITIONS = DEBUG;
				SWIFT_OPTIMIZATION_LEVEL = "-Onone";
			};
			name = Debug;
		};
		734DABF422B26EC2008FB204 /* Release */ = {
			isa = XCBuildConfiguration;
			buildSettings = {
				ALWAYS_SEARCH_USER_PATHS = NO;
				CLANG_ANALYZER_NONNULL = YES;
				CLANG_ANALYZER_NUMBER_OBJECT_CONVERSION = YES_AGGRESSIVE;
				CLANG_CXX_LANGUAGE_STANDARD = "gnu++14";
				CLANG_CXX_LIBRARY = "libc++";
				CLANG_ENABLE_MODULES = YES;
				CLANG_ENABLE_OBJC_ARC = YES;
				CLANG_ENABLE_OBJC_WEAK = YES;
				CLANG_WARN_BLOCK_CAPTURE_AUTORELEASING = YES;
				CLANG_WARN_BOOL_CONVERSION = YES;
				CLANG_WARN_COMMA = YES;
				CLANG_WARN_CONSTANT_CONVERSION = YES;
				CLANG_WARN_DEPRECATED_OBJC_IMPLEMENTATIONS = YES;
				CLANG_WARN_DIRECT_OBJC_ISA_USAGE = YES_ERROR;
				CLANG_WARN_DOCUMENTATION_COMMENTS = YES;
				CLANG_WARN_EMPTY_BODY = YES;
				CLANG_WARN_ENUM_CONVERSION = YES;
				CLANG_WARN_INFINITE_RECURSION = YES;
				CLANG_WARN_INT_CONVERSION = YES;
				CLANG_WARN_NON_LITERAL_NULL_CONVERSION = YES;
				CLANG_WARN_OBJC_IMPLICIT_RETAIN_SELF = YES;
				CLANG_WARN_OBJC_LITERAL_CONVERSION = YES;
				CLANG_WARN_OBJC_ROOT_CLASS = YES_ERROR;
				CLANG_WARN_RANGE_LOOP_ANALYSIS = YES;
				CLANG_WARN_STRICT_PROTOTYPES = YES;
				CLANG_WARN_SUSPICIOUS_MOVE = YES;
				CLANG_WARN_UNGUARDED_AVAILABILITY = YES_AGGRESSIVE;
				CLANG_WARN_UNREACHABLE_CODE = YES;
				CLANG_WARN__DUPLICATE_METHOD_MATCH = YES;
				CODE_SIGN_IDENTITY = "-";
				COPY_PHASE_STRIP = NO;
				DEBUG_INFORMATION_FORMAT = "dwarf-with-dsym";
				ENABLE_NS_ASSERTIONS = NO;
				ENABLE_STRICT_OBJC_MSGSEND = YES;
				GCC_C_LANGUAGE_STANDARD = gnu11;
				GCC_NO_COMMON_BLOCKS = YES;
				GCC_WARN_64_TO_32_BIT_CONVERSION = YES;
				GCC_WARN_ABOUT_RETURN_TYPE = YES_ERROR;
				GCC_WARN_UNDECLARED_SELECTOR = YES;
				GCC_WARN_UNINITIALIZED_AUTOS = YES_AGGRESSIVE;
				GCC_WARN_UNUSED_FUNCTION = YES;
				GCC_WARN_UNUSED_VARIABLE = YES;
				MACOSX_DEPLOYMENT_TARGET = 10.14;
				MTL_ENABLE_DEBUG_INFO = NO;
				MTL_FAST_MATH = YES;
				SDKROOT = macosx;
				SWIFT_COMPILATION_MODE = wholemodule;
				SWIFT_OPTIMIZATION_LEVEL = "-O";
			};
			name = Release;
		};
		734DABF622B26EC2008FB204 /* Debug */ = {
			isa = XCBuildConfiguration;
			buildSettings = {
				CODE_SIGN_STYLE = Automatic;
				DEVELOPMENT_TEAM = 68P6W828BZ;
				PRODUCT_NAME = "$(TARGET_NAME)";
				SWIFT_VERSION = 5.0;
			};
			name = Debug;
		};
		734DABF722B26EC2008FB204 /* Release */ = {
			isa = XCBuildConfiguration;
			buildSettings = {
				CODE_SIGN_STYLE = Automatic;
				DEVELOPMENT_TEAM = 68P6W828BZ;
				PRODUCT_NAME = "$(TARGET_NAME)";
				SWIFT_VERSION = 5.0;
			};
			name = Release;
		};
/* End XCBuildConfiguration section */

/* Begin XCConfigurationList section */
		734DABE922B26EC1008FB204 /* Build configuration list for PBXProject "p3" */ = {
			isa = XCConfigurationList;
			buildConfigurations = (
				734DABF322B26EC2008FB204 /* Debug */,
				734DABF422B26EC2008FB204 /* Release */,
			);
			defaultConfigurationIsVisible = 0;
			defaultConfigurationName = Release;
		};
		734DABF522B26EC2008FB204 /* Build configuration list for PBXNativeTarget "p3" */ = {
			isa = XCConfigurationList;
			buildConfigurations = (
				734DABF622B26EC2008FB204 /* Debug */,
				734DABF722B26EC2008FB204 /* Release */,
			);
			defaultConfigurationIsVisible = 0;
			defaultConfigurationName = Release;
		};
/* End XCConfigurationList section */
	};
	rootObject = 734DABE622B26EC1008FB204 /* Project object */;
}
